// !$*UTF8*$!
{
	archiveVersion = 1;
	classes = {
	};
	objectVersion = 46;
	objects = {

/* Begin PBXBuildFile section */
		7EC14C3D1A86D6BA00F09A70 /* main.m in Sources */ = {isa = PBXBuildFile; fileRef = 7EC14C3C1A86D6BA00F09A70 /* main.m */; };
		7EC14C401A86D6BA00F09A70 /* AppDelegate.m in Sources */ = {isa = PBXBuildFile; fileRef = 7EC14C3F1A86D6BA00F09A70 /* AppDelegate.m */; };
		7EC14C461A86D6BA00F09A70 /* Main.storyboard in Resources */ = {isa = PBXBuildFile; fileRef = 7EC14C441A86D6BA00F09A70 /* Main.storyboard */; };
		7EC14C481A86D6BA00F09A70 /* Images.xcassets in Resources */ = {isa = PBXBuildFile; fileRef = 7EC14C471A86D6BA00F09A70 /* Images.xcassets */; };
		7EC14C4B1A86D6BA00F09A70 /* LaunchScreen.xib in Resources */ = {isa = PBXBuildFile; fileRef = 7EC14C491A86D6BA00F09A70 /* LaunchScreen.xib */; };
		7EC14C571A86D6BA00F09A70 /* InliningTableViewDemoTests.m in Sources */ = {isa = PBXBuildFile; fileRef = 7EC14C561A86D6BA00F09A70 /* InliningTableViewDemoTests.m */; };
		7EC14C691A86D81500F09A70 /* InliningTableViewController.m in Sources */ = {isa = PBXBuildFile; fileRef = 7EC14C601A86D81500F09A70 /* InliningTableViewController.m */; };
		7EC14C6B1A86D81500F09A70 /* TimeInputViewController.m in Sources */ = {isa = PBXBuildFile; fileRef = 7EC14C621A86D81500F09A70 /* TimeInputViewController.m */; };
		7EC14C6C1A86D81500F09A70 /* AlarmInputViewController.m in Sources */ = {isa = PBXBuildFile; fileRef = 7EC14C631A86D81500F09A70 /* AlarmInputViewController.m */; };
		7EC14C6D1A86D81500F09A70 /* ExampleController.m in Sources */ = {isa = PBXBuildFile; fileRef = 7EC14C661A86D81500F09A70 /* ExampleController.m */; };
		7EC14C6F1A86DAC600F09A70 /* pickerViewOverlay.png in Resources */ = {isa = PBXBuildFile; fileRef = 7EC14C6E1A86DAC600F09A70 /* pickerViewOverlay.png */; };
		7EC14C721A86DFBB00F09A70 /* PickerInputViewController.m in Sources */ = {isa = PBXBuildFile; fileRef = 7EC14C711A86DFBB00F09A70 /* PickerInputViewController.m */; };
		7EC14C741A86E07E00F09A70 /* inlineDisclosure@2x.png in Resources */ = {isa = PBXBuildFile; fileRef = 7EC14C731A86E07E00F09A70 /* inlineDisclosure@2x.png */; };
/* End PBXBuildFile section */

/* Begin PBXContainerItemProxy section */
		7EC14C511A86D6BA00F09A70 /* PBXContainerItemProxy */ = {
			isa = PBXContainerItemProxy;
			containerPortal = 7EC14C2F1A86D6BA00F09A70 /* Project object */;
			proxyType = 1;
			remoteGlobalIDString = 7EC14C361A86D6BA00F09A70;
			remoteInfo = InliningTableViewDemo;
		};
/* End PBXContainerItemProxy section */

/* Begin PBXFileReference section */
		7EC14C371A86D6BA00F09A70 /* InliningTableViewDemo.app */ = {isa = PBXFileReference; explicitFileType = wrapper.application; includeInIndex = 0; path = InliningTableViewDemo.app; sourceTree = BUILT_PRODUCTS_DIR; };
		7EC14C3B1A86D6BA00F09A70 /* Info.plist */ = {isa = PBXFileReference; lastKnownFileType = text.plist.xml; path = Info.plist; sourceTree = "<group>"; };
		7EC14C3C1A86D6BA00F09A70 /* main.m */ = {isa = PBXFileReference; lastKnownFileType = sourcecode.c.objc; path = main.m; sourceTree = "<group>"; };
		7EC14C3E1A86D6BA00F09A70 /* AppDelegate.h */ = {isa = PBXFileReference; lastKnownFileType = sourcecode.c.h; path = AppDelegate.h; sourceTree = "<group>"; };
		7EC14C3F1A86D6BA00F09A70 /* AppDelegate.m */ = {isa = PBXFileReference; lastKnownFileType = sourcecode.c.objc; path = AppDelegate.m; sourceTree = "<group>"; };
		7EC14C451A86D6BA00F09A70 /* Base */ = {isa = PBXFileReference; lastKnownFileType = file.storyboard; name = Base; path = Base.lproj/Main.storyboard; sourceTree = "<group>"; };
		7EC14C471A86D6BA00F09A70 /* Images.xcassets */ = {isa = PBXFileReference; lastKnownFileType = folder.assetcatalog; path = Images.xcassets; sourceTree = "<group>"; };
		7EC14C4A1A86D6BA00F09A70 /* Base */ = {isa = PBXFileReference; lastKnownFileType = file.xib; name = Base; path = Base.lproj/LaunchScreen.xib; sourceTree = "<group>"; };
		7EC14C501A86D6BA00F09A70 /* InliningTableViewDemoTests.xctest */ = {isa = PBXFileReference; explicitFileType = wrapper.cfbundle; includeInIndex = 0; path = InliningTableViewDemoTests.xctest; sourceTree = BUILT_PRODUCTS_DIR; };
		7EC14C551A86D6BA00F09A70 /* Info.plist */ = {isa = PBXFileReference; lastKnownFileType = text.plist.xml; path = Info.plist; sourceTree = "<group>"; };
		7EC14C561A86D6BA00F09A70 /* InliningTableViewDemoTests.m */ = {isa = PBXFileReference; lastKnownFileType = sourcecode.c.objc; path = InliningTableViewDemoTests.m; sourceTree = "<group>"; };
		7EC14C601A86D81500F09A70 /* InliningTableViewController.m */ = {isa = PBXFileReference; fileEncoding = 4; lastKnownFileType = sourcecode.c.objc; path = InliningTableViewController.m; sourceTree = "<group>"; };
		7EC14C621A86D81500F09A70 /* TimeInputViewController.m */ = {isa = PBXFileReference; fileEncoding = 4; lastKnownFileType = sourcecode.c.objc; path = TimeInputViewController.m; sourceTree = "<group>"; };
		7EC14C631A86D81500F09A70 /* AlarmInputViewController.m */ = {isa = PBXFileReference; fileEncoding = 4; lastKnownFileType = sourcecode.c.objc; path = AlarmInputViewController.m; sourceTree = "<group>"; };
		7EC14C641A86D81500F09A70 /* InliningTableViewController.h */ = {isa = PBXFileReference; fileEncoding = 4; lastKnownFileType = sourcecode.c.h; path = InliningTableViewController.h; sourceTree = "<group>"; };
		7EC14C651A86D81500F09A70 /* ExampleController.h */ = {isa = PBXFileReference; fileEncoding = 4; lastKnownFileType = sourcecode.c.h; path = ExampleController.h; sourceTree = "<group>"; };
		7EC14C661A86D81500F09A70 /* ExampleController.m */ = {isa = PBXFileReference; fileEncoding = 4; lastKnownFileType = sourcecode.c.objc; path = ExampleController.m; sourceTree = "<group>"; };
		7EC14C671A86D81500F09A70 /* TimeInputViewController.h */ = {isa = PBXFileReference; fileEncoding = 4; lastKnownFileType = sourcecode.c.h; path = TimeInputViewController.h; sourceTree = "<group>"; };
		7EC14C681A86D81500F09A70 /* AlarmInputViewController.h */ = {isa = PBXFileReference; fileEncoding = 4; lastKnownFileType = sourcecode.c.h; path = AlarmInputViewController.h; sourceTree = "<group>"; };
		7EC14C6E1A86DAC600F09A70 /* pickerViewOverlay.png */ = {isa = PBXFileReference; lastKnownFileType = image.png; path = pickerViewOverlay.png; sourceTree = "<group>"; };
		7EC14C701A86DFBB00F09A70 /* PickerInputViewController.h */ = {isa = PBXFileReference; fileEncoding = 4; lastKnownFileType = sourcecode.c.h; path = PickerInputViewController.h; sourceTree = "<group>"; };
		7EC14C711A86DFBB00F09A70 /* PickerInputViewController.m */ = {isa = PBXFileReference; fileEncoding = 4; lastKnownFileType = sourcecode.c.objc; path = PickerInputViewController.m; sourceTree = "<group>"; };
		7EC14C731A86E07E00F09A70 /* inlineDisclosure@2x.png */ = {isa = PBXFileReference; lastKnownFileType = image.png; path = "inlineDisclosure@2x.png"; sourceTree = "<group>"; };
/* End PBXFileReference section */

/* Begin PBXFrameworksBuildPhase section */
		7EC14C341A86D6BA00F09A70 /* Frameworks */ = {
			isa = PBXFrameworksBuildPhase;
			buildActionMask = 2147483647;
			files = (
			);
			runOnlyForDeploymentPostprocessing = 0;
		};
		7EC14C4D1A86D6BA00F09A70 /* Frameworks */ = {
			isa = PBXFrameworksBuildPhase;
			buildActionMask = 2147483647;
			files = (
			);
			runOnlyForDeploymentPostprocessing = 0;
		};
/* End PBXFrameworksBuildPhase section */

/* Begin PBXGroup section */
		7EC14C2E1A86D6BA00F09A70 = {
			isa = PBXGroup;
			children = (
				7EC14C391A86D6BA00F09A70 /* InliningTableViewDemo */,
				7EC14C531A86D6BA00F09A70 /* InliningTableViewDemoTests */,
				7EC14C381A86D6BA00F09A70 /* Products */,
			);
			sourceTree = "<group>";
		};
		7EC14C381A86D6BA00F09A70 /* Products */ = {
			isa = PBXGroup;
			children = (
				7EC14C371A86D6BA00F09A70 /* InliningTableViewDemo.app */,
				7EC14C501A86D6BA00F09A70 /* InliningTableViewDemoTests.xctest */,
			);
			name = Products;
			sourceTree = "<group>";
		};
		7EC14C391A86D6BA00F09A70 /* InliningTableViewDemo */ = {
			isa = PBXGroup;
			children = (
				7EC14C731A86E07E00F09A70 /* inlineDisclosure@2x.png */,
				7EC14C701A86DFBB00F09A70 /* PickerInputViewController.h */,
				7EC14C711A86DFBB00F09A70 /* PickerInputViewController.m */,
				7EC14C6E1A86DAC600F09A70 /* pickerViewOverlay.png */,
				7EC14C641A86D81500F09A70 /* InliningTableViewController.h */,
				7EC14C601A86D81500F09A70 /* InliningTableViewController.m */,
				7EC14C671A86D81500F09A70 /* TimeInputViewController.h */,
				7EC14C621A86D81500F09A70 /* TimeInputViewController.m */,
				7EC14C681A86D81500F09A70 /* AlarmInputViewController.h */,
				7EC14C631A86D81500F09A70 /* AlarmInputViewController.m */,
				7EC14C651A86D81500F09A70 /* ExampleController.h */,
				7EC14C661A86D81500F09A70 /* ExampleController.m */,
				7EC14C3E1A86D6BA00F09A70 /* AppDelegate.h */,
				7EC14C3F1A86D6BA00F09A70 /* AppDelegate.m */,
				7EC14C441A86D6BA00F09A70 /* Main.storyboard */,
				7EC14C471A86D6BA00F09A70 /* Images.xcassets */,
				7EC14C491A86D6BA00F09A70 /* LaunchScreen.xib */,
				7EC14C3A1A86D6BA00F09A70 /* Supporting Files */,
			);
			path = InliningTableViewDemo;
			sourceTree = "<group>";
		};
		7EC14C3A1A86D6BA00F09A70 /* Supporting Files */ = {
			isa = PBXGroup;
			children = (
				7EC14C3B1A86D6BA00F09A70 /* Info.plist */,
				7EC14C3C1A86D6BA00F09A70 /* main.m */,
			);
			name = "Supporting Files";
			sourceTree = "<group>";
		};
		7EC14C531A86D6BA00F09A70 /* InliningTableViewDemoTests */ = {
			isa = PBXGroup;
			children = (
				7EC14C561A86D6BA00F09A70 /* InliningTableViewDemoTests.m */,
				7EC14C541A86D6BA00F09A70 /* Supporting Files */,
			);
			path = InliningTableViewDemoTests;
			sourceTree = "<group>";
		};
		7EC14C541A86D6BA00F09A70 /* Supporting Files */ = {
			isa = PBXGroup;
			children = (
				7EC14C551A86D6BA00F09A70 /* Info.plist */,
			);
			name = "Supporting Files";
			sourceTree = "<group>";
		};
/* End PBXGroup section */

/* Begin PBXNativeTarget section */
		7EC14C361A86D6BA00F09A70 /* InliningTableViewDemo */ = {
			isa = PBXNativeTarget;
			buildConfigurationList = 7EC14C5A1A86D6BA00F09A70 /* Build configuration list for PBXNativeTarget "InliningTableViewDemo" */;
			buildPhases = (
				7EC14C331A86D6BA00F09A70 /* Sources */,
				7EC14C341A86D6BA00F09A70 /* Frameworks */,
				7EC14C351A86D6BA00F09A70 /* Resources */,
			);
			buildRules = (
			);
			dependencies = (
			);
			name = InliningTableViewDemo;
			productName = InliningTableViewDemo;
			productReference = 7EC14C371A86D6BA00F09A70 /* InliningTableViewDemo.app */;
			productType = "com.apple.product-type.application";
		};
		7EC14C4F1A86D6BA00F09A70 /* InliningTableViewDemoTests */ = {
			isa = PBXNativeTarget;
			buildConfigurationList = 7EC14C5D1A86D6BA00F09A70 /* Build configuration list for PBXNativeTarget "InliningTableViewDemoTests" */;
			buildPhases = (
				7EC14C4C1A86D6BA00F09A70 /* Sources */,
				7EC14C4D1A86D6BA00F09A70 /* Frameworks */,
				7EC14C4E1A86D6BA00F09A70 /* Resources */,
			);
			buildRules = (
			);
			dependencies = (
				7EC14C521A86D6BA00F09A70 /* PBXTargetDependency */,
			);
			name = InliningTableViewDemoTests;
			productName = InliningTableViewDemoTests;
			productReference = 7EC14C501A86D6BA00F09A70 /* InliningTableViewDemoTests.xctest */;
			productType = "com.apple.product-type.bundle.unit-test";
		};
/* End PBXNativeTarget section */

/* Begin PBXProject section */
		7EC14C2F1A86D6BA00F09A70 /* Project object */ = {
			isa = PBXProject;
			attributes = {
				LastUpgradeCheck = 0610;
				ORGANIZATIONNAME = "Precocious Peanut";
				TargetAttributes = {
					7EC14C361A86D6BA00F09A70 = {
						CreatedOnToolsVersion = 6.1;
					};
					7EC14C4F1A86D6BA00F09A70 = {
						CreatedOnToolsVersion = 6.1;
						TestTargetID = 7EC14C361A86D6BA00F09A70;
					};
				};
			};
			buildConfigurationList = 7EC14C321A86D6BA00F09A70 /* Build configuration list for PBXProject "InliningTableViewDemo" */;
			compatibilityVersion = "Xcode 3.2";
			developmentRegion = English;
			hasScannedForEncodings = 0;
			knownRegions = (
				en,
				Base,
			);
			mainGroup = 7EC14C2E1A86D6BA00F09A70;
			productRefGroup = 7EC14C381A86D6BA00F09A70 /* Products */;
			projectDirPath = "";
			projectRoot = "";
			targets = (
				7EC14C361A86D6BA00F09A70 /* InliningTableViewDemo */,
				7EC14C4F1A86D6BA00F09A70 /* InliningTableViewDemoTests */,
			);
		};
/* End PBXProject section */

/* Begin PBXResourcesBuildPhase section */
		7EC14C351A86D6BA00F09A70 /* Resources */ = {
			isa = PBXResourcesBuildPhase;
			buildActionMask = 2147483647;
			files = (
				7EC14C461A86D6BA00F09A70 /* Main.storyboard in Resources */,
				7EC14C741A86E07E00F09A70 /* inlineDisclosure@2x.png in Resources */,
				7EC14C4B1A86D6BA00F09A70 /* LaunchScreen.xib in Resources */,
				7EC14C481A86D6BA00F09A70 /* Images.xcassets in Resources */,
				7EC14C6F1A86DAC600F09A70 /* pickerViewOverlay.png in Resources */,
			);
			runOnlyForDeploymentPostprocessing = 0;
		};
		7EC14C4E1A86D6BA00F09A70 /* Resources */ = {
			isa = PBXResourcesBuildPhase;
			buildActionMask = 2147483647;
			files = (
			);
			runOnlyForDeploymentPostprocessing = 0;
		};
/* End PBXResourcesBuildPhase section */

/* Begin PBXSourcesBuildPhase section */
		7EC14C331A86D6BA00F09A70 /* Sources */ = {
			isa = PBXSourcesBuildPhase;
			buildActionMask = 2147483647;
			files = (
				7EC14C401A86D6BA00F09A70 /* AppDelegate.m in Sources */,
				7EC14C6D1A86D81500F09A70 /* ExampleController.m in Sources */,
				7EC14C721A86DFBB00F09A70 /* PickerInputViewController.m in Sources */,
				7EC14C6C1A86D81500F09A70 /* AlarmInputViewController.m in Sources */,
				7EC14C6B1A86D81500F09A70 /* TimeInputViewController.m in Sources */,
				7EC14C3D1A86D6BA00F09A70 /* main.m in Sources */,
				7EC14C691A86D81500F09A70 /* InliningTableViewController.m in Sources */,
			);
			runOnlyForDeploymentPostprocessing = 0;
		};
		7EC14C4C1A86D6BA00F09A70 /* Sources */ = {
			isa = PBXSourcesBuildPhase;
			buildActionMask = 2147483647;
			files = (
				7EC14C571A86D6BA00F09A70 /* InliningTableViewDemoTests.m in Sources */,
			);
			runOnlyForDeploymentPostprocessing = 0;
		};
/* End PBXSourcesBuildPhase section */

/* Begin PBXTargetDependency section */
		7EC14C521A86D6BA00F09A70 /* PBXTargetDependency */ = {
			isa = PBXTargetDependency;
			target = 7EC14C361A86D6BA00F09A70 /* InliningTableViewDemo */;
			targetProxy = 7EC14C511A86D6BA00F09A70 /* PBXContainerItemProxy */;
		};
/* End PBXTargetDependency section */

/* Begin PBXVariantGroup section */
		7EC14C441A86D6BA00F09A70 /* Main.storyboard */ = {
			isa = PBXVariantGroup;
			children = (
				7EC14C451A86D6BA00F09A70 /* Base */,
			);
			name = Main.storyboard;
			sourceTree = "<group>";
		};
		7EC14C491A86D6BA00F09A70 /* LaunchScreen.xib */ = {
			isa = PBXVariantGroup;
			children = (
				7EC14C4A1A86D6BA00F09A70 /* Base */,
			);
			name = LaunchScreen.xib;
			sourceTree = "<group>";
		};
/* End PBXVariantGroup section */

/* Begin XCBuildConfiguration section */
		7EC14C581A86D6BA00F09A70 /* Debug */ = {
			isa = XCBuildConfiguration;
			buildSettings = {
				ALWAYS_SEARCH_USER_PATHS = NO;
				CLANG_CXX_LANGUAGE_STANDARD = "gnu++0x";
				CLANG_CXX_LIBRARY = "libc++";
				CLANG_ENABLE_MODULES = YES;
				CLANG_ENABLE_OBJC_ARC = YES;
				CLANG_WARN_BOOL_CONVERSION = YES;
				CLANG_WARN_CONSTANT_CONVERSION = YES;
				CLANG_WARN_DIRECT_OBJC_ISA_USAGE = YES_ERROR;
				CLANG_WARN_EMPTY_BODY = YES;
				CLANG_WARN_ENUM_CONVERSION = YES;
				CLANG_WARN_INT_CONVERSION = YES;
				CLANG_WARN_OBJC_ROOT_CLASS = YES_ERROR;
				CLANG_WARN_UNREACHABLE_CODE = YES;
				CLANG_WARN__DUPLICATE_METHOD_MATCH = YES;
				"CODE_SIGN_IDENTITY[sdk=iphoneos*]" = "iPhone Developer";
				COPY_PHASE_STRIP = NO;
				ENABLE_STRICT_OBJC_MSGSEND = YES;
				GCC_C_LANGUAGE_STANDARD = gnu99;
				GCC_DYNAMIC_NO_PIC = NO;
				GCC_OPTIMIZATION_LEVEL = 0;
				GCC_PREPROCESSOR_DEFINITIONS = (
					"DEBUG=1",
					"$(inherited)",
				);
				GCC_SYMBOLS_PRIVATE_EXTERN = NO;
				GCC_WARN_64_TO_32_BIT_CONVERSION = YES;
				GCC_WARN_ABOUT_RETURN_TYPE = YES_ERROR;
				GCC_WARN_UNDECLARED_SELECTOR = YES;
				GCC_WARN_UNINITIALIZED_AUTOS = YES_AGGRESSIVE;
				GCC_WARN_UNUSED_FUNCTION = YES;
				GCC_WARN_UNUSED_VARIABLE = YES;
				IPHONEOS_DEPLOYMENT_TARGET = 8.1;
				MTL_ENABLE_DEBUG_INFO = YES;
				ONLY_ACTIVE_ARCH = YES;
				SDKROOT = iphoneos;
				TARGETED_DEVICE_FAMILY = "1,2";
			};
			name = Debug;
		};
		7EC14C591A86D6BA00F09A70 /* Release */ = {
			isa = XCBuildConfiguration;
			buildSettings = {
				ALWAYS_SEARCH_USER_PATHS = NO;
				CLANG_CXX_LANGUAGE_STANDARD = "gnu++0x";
				CLANG_CXX_LIBRARY = "libc++";
				CLANG_ENABLE_MODULES = YES;
				CLANG_ENABLE_OBJC_ARC = YES;
				CLANG_WARN_BOOL_CONVERSION = YES;
				CLANG_WARN_CONSTANT_CONVERSION = YES;
				CLANG_WARN_DIRECT_OBJC_ISA_USAGE = YES_ERROR;
				CLANG_WARN_EMPTY_BODY = YES;
				CLANG_WARN_ENUM_CONVERSION = YES;
				CLANG_WARN_INT_CONVERSION = YES;
				CLANG_WARN_OBJC_ROOT_CLASS = YES_ERROR;
				CLANG_WARN_UNREACHABLE_CODE = YES;
				CLANG_WARN__DUPLICATE_METHOD_MATCH = YES;
				"CODE_SIGN_IDENTITY[sdk=iphoneos*]" = "iPhone Developer";
				COPY_PHASE_STRIP = YES;
				ENABLE_NS_ASSERTIONS = NO;
				ENABLE_STRICT_OBJC_MSGSEND = YES;
				GCC_C_LANGUAGE_STANDARD = gnu99;
				GCC_WARN_64_TO_32_BIT_CONVERSION = YES;
				GCC_WARN_ABOUT_RETURN_TYPE = YES_ERROR;
				GCC_WARN_UNDECLARED_SELECTOR = YES;
				GCC_WARN_UNINITIALIZED_AUTOS = YES_AGGRESSIVE;
				GCC_WARN_UNUSED_FUNCTION = YES;
				GCC_WARN_UNUSED_VARIABLE = YES;
				IPHONEOS_DEPLOYMENT_TARGET = 8.1;
				MTL_ENABLE_DEBUG_INFO = NO;
				SDKROOT = iphoneos;
				TARGETED_DEVICE_FAMILY = "1,2";
				VALIDATE_PRODUCT = YES;
			};
			name = Release;
		};
		7EC14C5B1A86D6BA00F09A70 /* Debug */ = {
			isa = XCBuildConfiguration;
			buildSettings = {
				ASSETCATALOG_COMPILER_APPICON_NAME = AppIcon;
				INFOPLIST_FILE = InliningTableViewDemo/Info.plist;
				IPHONEOS_DEPLOYMENT_TARGET = 7.0;
				LD_RUNPATH_SEARCH_PATHS = "$(inherited) @executable_path/Frameworks";
				PRODUCT_NAME = "$(TARGET_NAME)";
			};
			name = Debug;
		};
		7EC14C5C1A86D6BA00F09A70 /* Release */ = {
			isa = XCBuildConfiguration;
			buildSettings = {
				ASSETCATALOG_COMPILER_APPICON_NAME = AppIcon;
				INFOPLIST_FILE = InliningTableViewDemo/Info.plist;
				IPHONEOS_DEPLOYMENT_TARGET = 7.0;
				LD_RUNPATH_SEARCH_PATHS = "$(inherited) @executable_path/Frameworks";
				PRODUCT_NAME = "$(TARGET_NAME)";
			};
			name = Release;
		};
		7EC14C5E1A86D6BA00F09A70 /* Debug */ = {
			isa = XCBuildConfiguration;
			buildSettings = {
				BUNDLE_LOADER = "$(TEST_HOST)";
				FRAMEWORK_SEARCH_PATHS = (
					"$(SDKROOT)/Developer/Library/Frameworks",
					"$(inherited)",
				);
				GCC_PREPROCESSOR_DEFINITIONS = (
					"DEBUG=1",
					"$(inherited)",
				);
				INFOPLIST_FILE = InliningTableViewDemoTests/Info.plist;
				LD_RUNPATH_SEARCH_PATHS = "$(inherited) @executable_path/Frameworks @loader_path/Frameworks";
				PRODUCT_NAME = "$(TARGET_NAME)";
				TEST_HOST = "$(BUILT_PRODUCTS_DIR)/InliningTableViewDemo.app/InliningTableViewDemo";
			};
			name = Debug;
		};
		7EC14C5F1A86D6BA00F09A70 /* Release */ = {
			isa = XCBuildConfiguration;
			buildSettings = {
				BUNDLE_LOADER = "$(TEST_HOST)";
				FRAMEWORK_SEARCH_PATHS = (
					"$(SDKROOT)/Developer/Library/Frameworks",
					"$(inherited)",
				);
				INFOPLIST_FILE = InliningTableViewDemoTests/Info.plist;
				LD_RUNPATH_SEARCH_PATHS = "$(inherited) @executable_path/Frameworks @loader_path/Frameworks";
				PRODUCT_NAME = "$(TARGET_NAME)";
				TEST_HOST = "$(BUILT_PRODUCTS_DIR)/InliningTableViewDemo.app/InliningTableViewDemo";
			};
			name = Release;
		};
/* End XCBuildConfiguration section */

/* Begin XCConfigurationList section */
		7EC14C321A86D6BA00F09A70 /* Build configuration list for PBXProject "InliningTableViewDemo" */ = {
			isa = XCConfigurationList;
			buildConfigurations = (
				7EC14C581A86D6BA00F09A70 /* Debug */,
				7EC14C591A86D6BA00F09A70 /* Release */,
			);
			defaultConfigurationIsVisible = 0;
			defaultConfigurationName = Release;
		};
		7EC14C5A1A86D6BA00F09A70 /* Build configuration list for PBXNativeTarget "InliningTableViewDemo" */ = {
			isa = XCConfigurationList;
			buildConfigurations = (
				7EC14C5B1A86D6BA00F09A70 /* Debug */,
				7EC14C5C1A86D6BA00F09A70 /* Release */,
			);
			defaultConfigurationIsVisible = 0;
		};
		7EC14C5D1A86D6BA00F09A70 /* Build configuration list for PBXNativeTarget "InliningTableViewDemoTests" */ = {
			isa = XCConfigurationList;
			buildConfigurations = (
				7EC14C5E1A86D6BA00F09A70 /* Debug */,
				7EC14C5F1A86D6BA00F09A70 /* Release */,
			);
			defaultConfigurationIsVisible = 0;
		};
/* End XCConfigurationList section */
	};
	rootObject = 7EC14C2F1A86D6BA00F09A70 /* Project object */;
}
